
Microsoft Visual Studio Solution File, Format Version 12.00
# Visual Studio Version 17
VisualStudioVersion = 17.0.31903.59
MinimumVisualStudioVersion = 10.0.40219.1
Project("{FAE04EC0-301F-11D3-BF4B-00C04F79EFBC}") = "DtoGenerator.Generator", "DtoGenerator.Generator\DtoGenerator.Generator.csproj", "{9A95800D-AC9C-4E9F-B0BC-9165AFE1C294}"
EndProject
Project("{2150E333-8FDC-42A3-9474-1A3956D46DE8}") = "GodeGeneration", "GodeGeneration", "{ECB4F0FE-DBD9-4EB3-9B2A-5B2255056396}"
EndProject
Project("{FAE04EC0-301F-11D3-BF4B-00C04F79EFBC}") = "DtoGenerator.Tests", "DtoGenerator.Tests\DtoGenerator.Tests.csproj", "{D1F34B58-3DCB-440F-83C8-1B4D0DA60380}"
EndProject
Project("{FAE04EC0-301F-11D3-BF4B-00C04F79EFBC}") = "TestNuget", "TestNuget\TestNuget.csproj", "{D7D6E0B4-1A43-4C32-BC58-5DB4E4D7F7A6}"
EndProject
Global
	GlobalSection(SolutionConfigurationPlatforms) = preSolution
		Debug|Any CPU = Debug|Any CPU
		Release|Any CPU = Release|Any CPU
	EndGlobalSection
	GlobalSection(SolutionProperties) = preSolution
		HideSolutionNode = FALSE
	EndGlobalSection
	GlobalSection(ProjectConfigurationPlatforms) = postSolution
		{9A95800D-AC9C-4E9F-B0BC-9165AFE1C294}.Debug|Any CPU.ActiveCfg = Debug|Any CPU
		{9A95800D-AC9C-4E9F-B0BC-9165AFE1C294}.Debug|Any CPU.Build.0 = Debug|Any CPU
		{9A95800D-AC9C-4E9F-B0BC-9165AFE1C294}.Release|Any CPU.ActiveCfg = Release|Any CPU
		{9A95800D-AC9C-4E9F-B0BC-9165AFE1C294}.Release|Any CPU.Build.0 = Release|Any CPU
		{D1F34B58-3DCB-440F-83C8-1B4D0DA60380}.Debug|Any CPU.ActiveCfg = Debug|Any CPU
		{D1F34B58-3DCB-440F-83C8-1B4D0DA60380}.Debug|Any CPU.Build.0 = Debug|Any CPU
		{D1F34B58-3DCB-440F-83C8-1B4D0DA60380}.Release|Any CPU.ActiveCfg = Release|Any CPU
		{D1F34B58-3DCB-440F-83C8-1B4D0DA60380}.Release|Any CPU.Build.0 = Release|Any CPU
		{D7D6E0B4-1A43-4C32-BC58-5DB4E4D7F7A6}.Debug|Any CPU.ActiveCfg = Debug|Any CPU
		{D7D6E0B4-1A43-4C32-BC58-5DB4E4D7F7A6}.Debug|Any CPU.Build.0 = Debug|Any CPU
		{D7D6E0B4-1A43-4C32-BC58-5DB4E4D7F7A6}.Release|Any CPU.ActiveCfg = Release|Any CPU
		{D7D6E0B4-1A43-4C32-BC58-5DB4E4D7F7A6}.Release|Any CPU.Build.0 = Release|Any CPU
	EndGlobalSection
	GlobalSection(NestedProjects) = preSolution
		{9A95800D-AC9C-4E9F-B0BC-9165AFE1C294} = {ECB4F0FE-DBD9-4EB3-9B2A-5B2255056396}
		{D1F34B58-3DCB-440F-83C8-1B4D0DA60380} = {ECB4F0FE-DBD9-4EB3-9B2A-5B2255056396}
	EndGlobalSection
EndGlobal
